
Microsoft Visual Studio Solution File, Format Version 12.00
# Visual Studio Version 16
VisualStudioVersion = 16.0.31019.35
MinimumVisualStudioVersion = 10.0.40219.1
Project("{2150E333-8FDC-42A3-9474-1A3956D46DE8}") = "01_Pervoe_znakomstvo_s_C_Sharp", "01_Pervoe_znakomstvo_s_C_Sharp", "{0E589B36-99C3-4596-971C-23960866C34F}"
EndProject
Project("{FAE04EC0-301F-11D3-BF4B-00C04F79EFBC}") = "01_Pervyy_shag", "01_Pervoe_znakomstvo_s_C_Sharp\01_Pervyy_shag\01_Pervyy_shag.csproj", "{0390253D-18DF-41A2-BE80-108F3E22CC14}"
EndProject
Project("{FAE04EC0-301F-11D3-BF4B-00C04F79EFBC}") = "02_Nevernyy_tip_dannykh", "01_Pervoe_znakomstvo_s_C_Sharp\02_Nevernyy_tip_dannykh\02_Nevernyy_tip_dannykh.csproj", "{D2CA7408-DE2C-43AF-81C4-7E488DAB3E97}"
EndProject
Project("{FAE04EC0-301F-11D3-BF4B-00C04F79EFBC}") = "03_Oshibki_preobrazovaniya_tipov", "01_Pervoe_znakomstvo_s_C_Sharp\03_Oshibki_preobrazovaniya_tipov\03_Oshibki_preobrazovaniya_tipov.csproj", "{EFF30B23-EC79-4AA0-8C00-15811427969A}"
EndProject
Project("{FAE04EC0-301F-11D3-BF4B-00C04F79EFBC}") = "04_Bitkoiny_v_massy", "01_Pervoe_znakomstvo_s_C_Sharp\04_Bitkoiny_v_massy\04_Bitkoiny_v_massy.csproj", "{E53E9EDD-4596-4937-B1EB-2F49BA2A826B}"
EndProject
Project("{FAE04EC0-301F-11D3-BF4B-00C04F79EFBC}") = "05_Preobrazovanie_stroki_v_chislo", "01_Pervoe_znakomstvo_s_C_Sharp\05_Preobrazovanie_stroki_v_chislo\05_Preobrazovanie_stroki_v_chislo.csproj", "{CA56CEC0-71FA-4F63-9E76-8A06C064B2C8}"
EndProject
Project("{FAE04EC0-301F-11D3-BF4B-00C04F79EFBC}") = "06_Ispolzovanie_var", "01_Pervoe_znakomstvo_s_C_Sharp\06_Ispolzovanie_var\06_Ispolzovanie_var.csproj", "{6FEAA2B0-10F5-46CE-8CC7-2F2C9C9E0F6E}"
EndProject
Project("{FAE04EC0-301F-11D3-BF4B-00C04F79EFBC}") = "09_Razyskivayutsya_metody", "01_Pervoe_znakomstvo_s_C_Sharp\09_Razyskivayutsya_metody\09_Razyskivayutsya_metody.csproj", "{2A571124-274E-495D-A006-4752B26BB63F}"
EndProject
Project("{FAE04EC0-301F-11D3-BF4B-00C04F79EFBC}") = "07_Dobryy_rabotodatel", "01_Pervoe_znakomstvo_s_C_Sharp\07_Dobryy_rabotodatel\07_Dobryy_rabotodatel.csproj", "{0015F5FA-6115-4A1A-AE49-C9AABE6AC15E}"
EndProject
Project("{FAE04EC0-301F-11D3-BF4B-00C04F79EFBC}") = "08_Glavnyy_vopros_Vselennoy", "01_Pervoe_znakomstvo_s_C_Sharp\08_Glavnyy_vopros_Vselennoy\08_Glavnyy_vopros_Vselennoy.csproj", "{B2551247-7E7B-41B6-9D72-B1EA9386CDEB}"
EndProject
Project("{2150E333-8FDC-42A3-9474-1A3956D46DE8}") = "02_Oshibki", "02_Oshibki", "{5AD58AC4-CC38-4AB8-AE08-31D10E53ED8D}"
EndProject
Project("{FAE04EC0-301F-11D3-BF4B-00C04F79EFBC}") = "01_Ochepyatki", "02_Oshibki\01_Ochepyatki\01_Ochepyatki.csproj", "{A4F34EFB-94B3-4827-9828-33C3328F96A8}"
EndProject
Project("{FAE04EC0-301F-11D3-BF4B-00C04F79EFBC}") = "02_Minimum_funktsii", "02_Oshibki\02_Minimum_funktsii\02_Minimum_funktsii.csproj", "{DCFB2248-4DA8-4EFC-B57B-E44226889FBA}"
EndProject
Project("{FAE04EC0-301F-11D3-BF4B-00C04F79EFBC}") = "03_Sdelay_to_ne_znayu_chto", "02_Oshibki\03_Sdelay_to_ne_znayu_chto\03_Sdelay_to_ne_znayu_chto.csproj", "{3E9A3282-5D27-4974-B4D8-EACDD0BB972E}"
EndProject
Project("{FAE04EC0-301F-11D3-BF4B-00C04F79EFBC}") = "Practice_01_AngryBirds", "02_Oshibki\Practice_01_AngryBirds\Practice_01_AngryBirds.csproj", "{23B9004E-6038-4127-8AD4-500EAAAF63C7}"
EndProject
Project("{FAE04EC0-301F-11D3-BF4B-00C04F79EFBC}") = "Practice_02_Billiards", "02_Oshibki\Practice_02_Billiards\Practice_02_Billiards.csproj", "{5A59E50B-7340-49BC-8398-6F82C86F99D9}"
EndProject
Project("{2150E333-8FDC-42A3-9474-1A3956D46DE8}") = "03_Vetvlenija", "03_Vetvlenija", "{B79EAD94-B945-4D9A-BBA4-B9D38CE6DBEC}"
EndProject
Project("{FAE04EC0-301F-11D3-BF4B-00C04F79EFBC}") = "01_Visokosnyy_god", "03_Vetvlenija\01_Visokosnyy_god\01_Visokosnyy_god.csproj", "{B4A89BF3-2527-4FD5-A978-CB786D824CAE}"
EndProject
Project("{FAE04EC0-301F-11D3-BF4B-00C04F79EFBC}") = "02_Khod_ferzya", "03_Vetvlenija\02_Khod_ferzya\02_Khod_ferzya.csproj", "{83C1B1C1-13DC-49D3-8E2E-441272B38622}"
EndProject
Project("{FAE04EC0-301F-11D3-BF4B-00C04F79EFBC}") = "03_Srednee_trekh", "03_Vetvlenija\03_Srednee_trekh\03_Srednee_trekh.csproj", "{B2E60AD8-4139-4C69-AD6A-935B9673678E}"
EndProject
Project("{2150E333-8FDC-42A3-9474-1A3956D46DE8}") = "04_Cycli", "04_Cycli", "{54910455-102C-4B65-96C4-5ECFB1E661DA}"
EndProject
Project("{FAE04EC0-301F-11D3-BF4B-00C04F79EFBC}") = "01_V_poiskakh_stepeni_dvoyki", "04_Cycli\01_V_poiskakh_stepeni_dvoyki\01_V_poiskakh_stepeni_dvoyki.csproj", "{FAEE9DED-2A72-490C-9A51-9FAA0273958A}"
EndProject
Project("{FAE04EC0-301F-11D3-BF4B-00C04F79EFBC}") = "02_Ubrat_probely", "04_Cycli\02_Ubrat_probely\02_Ubrat_probely.csproj", "{8BDB0708-2233-40EE-A9CB-F899AF64C062}"
EndProject
Project("{FAE04EC0-301F-11D3-BF4B-00C04F79EFBC}") = "03_Ramochka", "04_Cycli\03_Ramochka\03_Ramochka.csproj", "{C26194EF-DB3D-44D1-821F-99B6C7898AE7}"
EndProject
Project("{FAE04EC0-301F-11D3-BF4B-00C04F79EFBC}") = "04_Shakhmatnaya_doska", "04_Cycli\04_Shakhmatnaya_doska\04_Shakhmatnaya_doska.csproj", "{5A6EF116-A0CE-49C5-9368-9268712EB321}"
EndProject
Project("{2150E333-8FDC-42A3-9474-1A3956D46DE8}") = "05_Massivi", "05_Massivi", "{BCD902FC-508A-40B0-AC45-B495C961EF48}"
EndProject
Project("{FAE04EC0-301F-11D3-BF4B-00C04F79EFBC}") = "01_Chetnyy_massiv", "05_Massivi\01_Chetnyy_massiv\01_Chetnyy_massiv.csproj", "{8C9F0CF6-948E-45EF-AB3B-80BFE249E76B}"
EndProject
Project("{FAE04EC0-301F-11D3-BF4B-00C04F79EFBC}") = "02_Indeks_maksimuma", "05_Massivi\02_Indeks_maksimuma\02_Indeks_maksimuma.csproj", "{0D34A55E-CF97-40FA-B5E8-9EA9EEE2E01D}"
EndProject
Project("{FAE04EC0-301F-11D3-BF4B-00C04F79EFBC}") = "03_Podschet", "05_Massivi\03_Podschet\03_Podschet.csproj", "{B2467F90-0819-4750-B862-647439087EF4}"
EndProject
Project("{FAE04EC0-301F-11D3-BF4B-00C04F79EFBC}") = "04_Poisk_massiva_v_massive", "05_Massivi\04_Poisk_massiva_v_massive\04_Poisk_massiva_v_massive.csproj", "{D64364AB-53AF-47A9-87E3-29778B94FEC3}"
EndProject
Project("{FAE04EC0-301F-11D3-BF4B-00C04F79EFBC}") = "05_Karty_Taro", "05_Massivi\05_Karty_Taro\05_Karty_Taro.csproj", "{7DF41C97-D110-4223-BA11-E456287298D2}"
EndProject
Project("{2150E333-8FDC-42A3-9474-1A3956D46DE8}") = "06_Kollekcii_stroki_fajli", "06_Kollekcii_stroki_fajli", "{71A05806-6C21-45F5-BE7A-28ABAAE64261}"
EndProject
Project("{FAE04EC0-301F-11D3-BF4B-00C04F79EFBC}") = "01_Shifr_neznakomki", "06_Kollekcii_stroki_fajli\01_Shifr_neznakomki\01_Shifr_neznakomki.csproj", "{1BA691BA-A2BC-4299-90DD-D385411FB0D7}"
EndProject
Project("{FAE04EC0-301F-11D3-BF4B-00C04F79EFBC}") = "02_Poleznye_znakomstva", "06_Kollekcii_stroki_fajli\02_Poleznye_znakomstva\02_Poleznye_znakomstva.csproj", "{5790559B-A762-469B-942E-FE1DCD438742}"
EndProject
Project("{FAE04EC0-301F-11D3-BF4B-00C04F79EFBC}") = "04_Upravlenie_robotom", "03_Vetvlenija\04_Upravlenie_robotom\04_Upravlenie_robotom.csproj", "{B72B0058-5D23-463B-A5C0-D8E40F664597}"
EndProject
Project("{FAE04EC0-301F-11D3-BF4B-00C04F79EFBC}") = "Practice_01_Pluralize", "03_Vetvlenija\Practice_01_Pluralize\Practice_01_Pluralize.csproj", "{105ABC87-92A4-42BA-8B34-5232D8A1FDC8}"
EndProject
Project("{FAE04EC0-301F-11D3-BF4B-00C04F79EFBC}") = "03_Snova_neznakomka", "06_Kollekcii_stroki_fajli\03_Snova_neznakomka\03_Snova_neznakomka.csproj", "{81B1C34F-5428-4B0C-84EC-C025E26D0466}"
EndProject
Project("{2150E333-8FDC-42A3-9474-1A3956D46DE8}") = "09_Rekursivniye_algoritmy", "09_Rekursivniye_algoritmy", "{8A584060-E3E3-4A20-9D8C-04D77D269653}"
EndProject
Project("{FAE04EC0-301F-11D3-BF4B-00C04F79EFBC}") = "01_Ispravit_rekursiyu", "09_Rekursivniye_algoritmy\01_Ispravit_rekursiyu\01_Ispravit_rekursiyu.csproj", "{E0B72A96-88CD-4073-80D7-9816ABE4FB08}"
EndProject
Project("{2150E333-8FDC-42A3-9474-1A3956D46DE8}") = "10_Poisk_i_Sortirovka", "10_Poisk_i_Sortirovka", "{617F07BD-1D84-46FC-A3F8-2C2EE1971430}"
EndProject
Project("{FAE04EC0-301F-11D3-BF4B-00C04F79EFBC}") = "01_Rekursivnyy_binarnyy_poisk", "10_Poisk_i_Sortirovka\01_Rekursivnyy_binarnyy_poisk\01_Rekursivnyy_binarnyy_poisk.csproj", "{FB91306A-B186-4EDB-A6A5-E8402A7AAF5B}"
EndProject
Project("{FAE04EC0-301F-11D3-BF4B-00C04F79EFBC}") = "Practice_03_Percent", "02_Oshibki\Practice_03_Percent\Practice_03_Percent.csproj", "{E4FBBD6B-2509-407B-B827-F750F9D20CB6}"
EndProject
Project("{FAE04EC0-301F-11D3-BF4B-00C04F79EFBC}") = "Practice_04_Refactoring", "02_Oshibki\Practice_04_Refactoring\Practice_04_Refactoring.csproj", "{B4C13963-E8EC-4B84-87D6-1EF694B3D24A}"
EndProject
Project("{FAE04EC0-301F-11D3-BF4B-00C04F79EFBC}") = "Practice_02_Rectangles", "03_Vetvlenija\Practice_02_Rectangles\Practice_02_Rectangles.csproj", "{E8B0D136-D22F-4550-A136-BB577FCBEC8F}"
EndProject
Project("{FAE04EC0-301F-11D3-BF4B-00C04F79EFBC}") = "Practice_03_Distance", "03_Vetvlenija\Practice_03_Distance\Practice_03_Distance.csproj", "{A7607F62-2517-4779-84D4-3D378809A97E}"
EndProject
Global
	GlobalSection(SolutionConfigurationPlatforms) = preSolution
		Debug|Any CPU = Debug|Any CPU
		Release|Any CPU = Release|Any CPU
	EndGlobalSection
	GlobalSection(ProjectConfigurationPlatforms) = postSolution
		{0390253D-18DF-41A2-BE80-108F3E22CC14}.Debug|Any CPU.ActiveCfg = Debug|Any CPU
		{0390253D-18DF-41A2-BE80-108F3E22CC14}.Debug|Any CPU.Build.0 = Debug|Any CPU
		{0390253D-18DF-41A2-BE80-108F3E22CC14}.Release|Any CPU.ActiveCfg = Release|Any CPU
		{0390253D-18DF-41A2-BE80-108F3E22CC14}.Release|Any CPU.Build.0 = Release|Any CPU
		{D2CA7408-DE2C-43AF-81C4-7E488DAB3E97}.Debug|Any CPU.ActiveCfg = Debug|Any CPU
		{D2CA7408-DE2C-43AF-81C4-7E488DAB3E97}.Debug|Any CPU.Build.0 = Debug|Any CPU
		{D2CA7408-DE2C-43AF-81C4-7E488DAB3E97}.Release|Any CPU.ActiveCfg = Release|Any CPU
		{D2CA7408-DE2C-43AF-81C4-7E488DAB3E97}.Release|Any CPU.Build.0 = Release|Any CPU
		{EFF30B23-EC79-4AA0-8C00-15811427969A}.Debug|Any CPU.ActiveCfg = Debug|Any CPU
		{EFF30B23-EC79-4AA0-8C00-15811427969A}.Debug|Any CPU.Build.0 = Debug|Any CPU
		{EFF30B23-EC79-4AA0-8C00-15811427969A}.Release|Any CPU.ActiveCfg = Release|Any CPU
		{EFF30B23-EC79-4AA0-8C00-15811427969A}.Release|Any CPU.Build.0 = Release|Any CPU
		{E53E9EDD-4596-4937-B1EB-2F49BA2A826B}.Debug|Any CPU.ActiveCfg = Debug|Any CPU
		{E53E9EDD-4596-4937-B1EB-2F49BA2A826B}.Debug|Any CPU.Build.0 = Debug|Any CPU
		{E53E9EDD-4596-4937-B1EB-2F49BA2A826B}.Release|Any CPU.ActiveCfg = Release|Any CPU
		{E53E9EDD-4596-4937-B1EB-2F49BA2A826B}.Release|Any CPU.Build.0 = Release|Any CPU
		{CA56CEC0-71FA-4F63-9E76-8A06C064B2C8}.Debug|Any CPU.ActiveCfg = Debug|Any CPU
		{CA56CEC0-71FA-4F63-9E76-8A06C064B2C8}.Debug|Any CPU.Build.0 = Debug|Any CPU
		{CA56CEC0-71FA-4F63-9E76-8A06C064B2C8}.Release|Any CPU.ActiveCfg = Release|Any CPU
		{CA56CEC0-71FA-4F63-9E76-8A06C064B2C8}.Release|Any CPU.Build.0 = Release|Any CPU
		{6FEAA2B0-10F5-46CE-8CC7-2F2C9C9E0F6E}.Debug|Any CPU.ActiveCfg = Debug|Any CPU
		{6FEAA2B0-10F5-46CE-8CC7-2F2C9C9E0F6E}.Debug|Any CPU.Build.0 = Debug|Any CPU
		{6FEAA2B0-10F5-46CE-8CC7-2F2C9C9E0F6E}.Release|Any CPU.ActiveCfg = Release|Any CPU
		{6FEAA2B0-10F5-46CE-8CC7-2F2C9C9E0F6E}.Release|Any CPU.Build.0 = Release|Any CPU
		{2A571124-274E-495D-A006-4752B26BB63F}.Debug|Any CPU.ActiveCfg = Debug|Any CPU
		{2A571124-274E-495D-A006-4752B26BB63F}.Debug|Any CPU.Build.0 = Debug|Any CPU
		{2A571124-274E-495D-A006-4752B26BB63F}.Release|Any CPU.ActiveCfg = Release|Any CPU
		{2A571124-274E-495D-A006-4752B26BB63F}.Release|Any CPU.Build.0 = Release|Any CPU
		{0015F5FA-6115-4A1A-AE49-C9AABE6AC15E}.Debug|Any CPU.ActiveCfg = Debug|Any CPU
		{0015F5FA-6115-4A1A-AE49-C9AABE6AC15E}.Debug|Any CPU.Build.0 = Debug|Any CPU
		{0015F5FA-6115-4A1A-AE49-C9AABE6AC15E}.Release|Any CPU.ActiveCfg = Release|Any CPU
		{0015F5FA-6115-4A1A-AE49-C9AABE6AC15E}.Release|Any CPU.Build.0 = Release|Any CPU
		{B2551247-7E7B-41B6-9D72-B1EA9386CDEB}.Debug|Any CPU.ActiveCfg = Debug|Any CPU
		{B2551247-7E7B-41B6-9D72-B1EA9386CDEB}.Debug|Any CPU.Build.0 = Debug|Any CPU
		{B2551247-7E7B-41B6-9D72-B1EA9386CDEB}.Release|Any CPU.ActiveCfg = Release|Any CPU
		{B2551247-7E7B-41B6-9D72-B1EA9386CDEB}.Release|Any CPU.Build.0 = Release|Any CPU
		{A4F34EFB-94B3-4827-9828-33C3328F96A8}.Debug|Any CPU.ActiveCfg = Debug|Any CPU
		{A4F34EFB-94B3-4827-9828-33C3328F96A8}.Debug|Any CPU.Build.0 = Debug|Any CPU
		{A4F34EFB-94B3-4827-9828-33C3328F96A8}.Release|Any CPU.ActiveCfg = Release|Any CPU
		{A4F34EFB-94B3-4827-9828-33C3328F96A8}.Release|Any CPU.Build.0 = Release|Any CPU
		{DCFB2248-4DA8-4EFC-B57B-E44226889FBA}.Debug|Any CPU.ActiveCfg = Debug|Any CPU
		{DCFB2248-4DA8-4EFC-B57B-E44226889FBA}.Debug|Any CPU.Build.0 = Debug|Any CPU
		{DCFB2248-4DA8-4EFC-B57B-E44226889FBA}.Release|Any CPU.ActiveCfg = Release|Any CPU
		{DCFB2248-4DA8-4EFC-B57B-E44226889FBA}.Release|Any CPU.Build.0 = Release|Any CPU
		{3E9A3282-5D27-4974-B4D8-EACDD0BB972E}.Debug|Any CPU.ActiveCfg = Debug|Any CPU
		{3E9A3282-5D27-4974-B4D8-EACDD0BB972E}.Debug|Any CPU.Build.0 = Debug|Any CPU
		{3E9A3282-5D27-4974-B4D8-EACDD0BB972E}.Release|Any CPU.ActiveCfg = Release|Any CPU
		{3E9A3282-5D27-4974-B4D8-EACDD0BB972E}.Release|Any CPU.Build.0 = Release|Any CPU
		{23B9004E-6038-4127-8AD4-500EAAAF63C7}.Debug|Any CPU.ActiveCfg = Debug|Any CPU
		{23B9004E-6038-4127-8AD4-500EAAAF63C7}.Debug|Any CPU.Build.0 = Debug|Any CPU
		{23B9004E-6038-4127-8AD4-500EAAAF63C7}.Release|Any CPU.ActiveCfg = Release|Any CPU
		{23B9004E-6038-4127-8AD4-500EAAAF63C7}.Release|Any CPU.Build.0 = Release|Any CPU
		{5A59E50B-7340-49BC-8398-6F82C86F99D9}.Debug|Any CPU.ActiveCfg = Debug|Any CPU
		{5A59E50B-7340-49BC-8398-6F82C86F99D9}.Debug|Any CPU.Build.0 = Debug|Any CPU
		{5A59E50B-7340-49BC-8398-6F82C86F99D9}.Release|Any CPU.ActiveCfg = Release|Any CPU
		{5A59E50B-7340-49BC-8398-6F82C86F99D9}.Release|Any CPU.Build.0 = Release|Any CPU
		{B4A89BF3-2527-4FD5-A978-CB786D824CAE}.Debug|Any CPU.ActiveCfg = Debug|Any CPU
		{B4A89BF3-2527-4FD5-A978-CB786D824CAE}.Debug|Any CPU.Build.0 = Debug|Any CPU
		{B4A89BF3-2527-4FD5-A978-CB786D824CAE}.Release|Any CPU.ActiveCfg = Release|Any CPU
		{B4A89BF3-2527-4FD5-A978-CB786D824CAE}.Release|Any CPU.Build.0 = Release|Any CPU
		{83C1B1C1-13DC-49D3-8E2E-441272B38622}.Debug|Any CPU.ActiveCfg = Debug|Any CPU
		{83C1B1C1-13DC-49D3-8E2E-441272B38622}.Debug|Any CPU.Build.0 = Debug|Any CPU
		{83C1B1C1-13DC-49D3-8E2E-441272B38622}.Release|Any CPU.ActiveCfg = Release|Any CPU
		{83C1B1C1-13DC-49D3-8E2E-441272B38622}.Release|Any CPU.Build.0 = Release|Any CPU
		{B2E60AD8-4139-4C69-AD6A-935B9673678E}.Debug|Any CPU.ActiveCfg = Debug|Any CPU
		{B2E60AD8-4139-4C69-AD6A-935B9673678E}.Debug|Any CPU.Build.0 = Debug|Any CPU
		{B2E60AD8-4139-4C69-AD6A-935B9673678E}.Release|Any CPU.ActiveCfg = Release|Any CPU
		{B2E60AD8-4139-4C69-AD6A-935B9673678E}.Release|Any CPU.Build.0 = Release|Any CPU
		{FAEE9DED-2A72-490C-9A51-9FAA0273958A}.Debug|Any CPU.ActiveCfg = Debug|Any CPU
		{FAEE9DED-2A72-490C-9A51-9FAA0273958A}.Debug|Any CPU.Build.0 = Debug|Any CPU
		{FAEE9DED-2A72-490C-9A51-9FAA0273958A}.Release|Any CPU.ActiveCfg = Release|Any CPU
		{FAEE9DED-2A72-490C-9A51-9FAA0273958A}.Release|Any CPU.Build.0 = Release|Any CPU
		{8BDB0708-2233-40EE-A9CB-F899AF64C062}.Debug|Any CPU.ActiveCfg = Debug|Any CPU
		{8BDB0708-2233-40EE-A9CB-F899AF64C062}.Debug|Any CPU.Build.0 = Debug|Any CPU
		{8BDB0708-2233-40EE-A9CB-F899AF64C062}.Release|Any CPU.ActiveCfg = Release|Any CPU
		{8BDB0708-2233-40EE-A9CB-F899AF64C062}.Release|Any CPU.Build.0 = Release|Any CPU
		{C26194EF-DB3D-44D1-821F-99B6C7898AE7}.Debug|Any CPU.ActiveCfg = Debug|Any CPU
		{C26194EF-DB3D-44D1-821F-99B6C7898AE7}.Debug|Any CPU.Build.0 = Debug|Any CPU
		{C26194EF-DB3D-44D1-821F-99B6C7898AE7}.Release|Any CPU.ActiveCfg = Release|Any CPU
		{C26194EF-DB3D-44D1-821F-99B6C7898AE7}.Release|Any CPU.Build.0 = Release|Any CPU
		{5A6EF116-A0CE-49C5-9368-9268712EB321}.Debug|Any CPU.ActiveCfg = Debug|Any CPU
		{5A6EF116-A0CE-49C5-9368-9268712EB321}.Debug|Any CPU.Build.0 = Debug|Any CPU
		{5A6EF116-A0CE-49C5-9368-9268712EB321}.Release|Any CPU.ActiveCfg = Release|Any CPU
		{5A6EF116-A0CE-49C5-9368-9268712EB321}.Release|Any CPU.Build.0 = Release|Any CPU
		{8C9F0CF6-948E-45EF-AB3B-80BFE249E76B}.Debug|Any CPU.ActiveCfg = Debug|Any CPU
		{8C9F0CF6-948E-45EF-AB3B-80BFE249E76B}.Debug|Any CPU.Build.0 = Debug|Any CPU
		{8C9F0CF6-948E-45EF-AB3B-80BFE249E76B}.Release|Any CPU.ActiveCfg = Release|Any CPU
		{8C9F0CF6-948E-45EF-AB3B-80BFE249E76B}.Release|Any CPU.Build.0 = Release|Any CPU
		{0D34A55E-CF97-40FA-B5E8-9EA9EEE2E01D}.Debug|Any CPU.ActiveCfg = Debug|Any CPU
		{0D34A55E-CF97-40FA-B5E8-9EA9EEE2E01D}.Debug|Any CPU.Build.0 = Debug|Any CPU
		{0D34A55E-CF97-40FA-B5E8-9EA9EEE2E01D}.Release|Any CPU.ActiveCfg = Release|Any CPU
		{0D34A55E-CF97-40FA-B5E8-9EA9EEE2E01D}.Release|Any CPU.Build.0 = Release|Any CPU
		{B2467F90-0819-4750-B862-647439087EF4}.Debug|Any CPU.ActiveCfg = Debug|Any CPU
		{B2467F90-0819-4750-B862-647439087EF4}.Debug|Any CPU.Build.0 = Debug|Any CPU
		{B2467F90-0819-4750-B862-647439087EF4}.Release|Any CPU.ActiveCfg = Release|Any CPU
		{B2467F90-0819-4750-B862-647439087EF4}.Release|Any CPU.Build.0 = Release|Any CPU
		{D64364AB-53AF-47A9-87E3-29778B94FEC3}.Debug|Any CPU.ActiveCfg = Debug|Any CPU
		{D64364AB-53AF-47A9-87E3-29778B94FEC3}.Debug|Any CPU.Build.0 = Debug|Any CPU
		{D64364AB-53AF-47A9-87E3-29778B94FEC3}.Release|Any CPU.ActiveCfg = Release|Any CPU
		{D64364AB-53AF-47A9-87E3-29778B94FEC3}.Release|Any CPU.Build.0 = Release|Any CPU
		{7DF41C97-D110-4223-BA11-E456287298D2}.Debug|Any CPU.ActiveCfg = Debug|Any CPU
		{7DF41C97-D110-4223-BA11-E456287298D2}.Debug|Any CPU.Build.0 = Debug|Any CPU
		{7DF41C97-D110-4223-BA11-E456287298D2}.Release|Any CPU.ActiveCfg = Release|Any CPU
		{7DF41C97-D110-4223-BA11-E456287298D2}.Release|Any CPU.Build.0 = Release|Any CPU
		{1BA691BA-A2BC-4299-90DD-D385411FB0D7}.Debug|Any CPU.ActiveCfg = Debug|Any CPU
		{1BA691BA-A2BC-4299-90DD-D385411FB0D7}.Debug|Any CPU.Build.0 = Debug|Any CPU
		{1BA691BA-A2BC-4299-90DD-D385411FB0D7}.Release|Any CPU.ActiveCfg = Release|Any CPU
		{1BA691BA-A2BC-4299-90DD-D385411FB0D7}.Release|Any CPU.Build.0 = Release|Any CPU
		{5790559B-A762-469B-942E-FE1DCD438742}.Debug|Any CPU.ActiveCfg = Debug|Any CPU
		{5790559B-A762-469B-942E-FE1DCD438742}.Debug|Any CPU.Build.0 = Debug|Any CPU
		{5790559B-A762-469B-942E-FE1DCD438742}.Release|Any CPU.ActiveCfg = Release|Any CPU
		{5790559B-A762-469B-942E-FE1DCD438742}.Release|Any CPU.Build.0 = Release|Any CPU
		{B72B0058-5D23-463B-A5C0-D8E40F664597}.Debug|Any CPU.ActiveCfg = Debug|Any CPU
		{B72B0058-5D23-463B-A5C0-D8E40F664597}.Debug|Any CPU.Build.0 = Debug|Any CPU
		{B72B0058-5D23-463B-A5C0-D8E40F664597}.Release|Any CPU.ActiveCfg = Release|Any CPU
		{B72B0058-5D23-463B-A5C0-D8E40F664597}.Release|Any CPU.Build.0 = Release|Any CPU
		{105ABC87-92A4-42BA-8B34-5232D8A1FDC8}.Debug|Any CPU.ActiveCfg = Debug|Any CPU
		{105ABC87-92A4-42BA-8B34-5232D8A1FDC8}.Debug|Any CPU.Build.0 = Debug|Any CPU
		{105ABC87-92A4-42BA-8B34-5232D8A1FDC8}.Release|Any CPU.ActiveCfg = Release|Any CPU
		{105ABC87-92A4-42BA-8B34-5232D8A1FDC8}.Release|Any CPU.Build.0 = Release|Any CPU
		{81B1C34F-5428-4B0C-84EC-C025E26D0466}.Debug|Any CPU.ActiveCfg = Debug|Any CPU
		{81B1C34F-5428-4B0C-84EC-C025E26D0466}.Debug|Any CPU.Build.0 = Debug|Any CPU
		{81B1C34F-5428-4B0C-84EC-C025E26D0466}.Release|Any CPU.ActiveCfg = Release|Any CPU
		{81B1C34F-5428-4B0C-84EC-C025E26D0466}.Release|Any CPU.Build.0 = Release|Any CPU
		{E0B72A96-88CD-4073-80D7-9816ABE4FB08}.Debug|Any CPU.ActiveCfg = Debug|Any CPU
		{E0B72A96-88CD-4073-80D7-9816ABE4FB08}.Debug|Any CPU.Build.0 = Debug|Any CPU
		{E0B72A96-88CD-4073-80D7-9816ABE4FB08}.Release|Any CPU.ActiveCfg = Release|Any CPU
		{E0B72A96-88CD-4073-80D7-9816ABE4FB08}.Release|Any CPU.Build.0 = Release|Any CPU
		{FB91306A-B186-4EDB-A6A5-E8402A7AAF5B}.Debug|Any CPU.ActiveCfg = Debug|Any CPU
		{FB91306A-B186-4EDB-A6A5-E8402A7AAF5B}.Debug|Any CPU.Build.0 = Debug|Any CPU
		{FB91306A-B186-4EDB-A6A5-E8402A7AAF5B}.Release|Any CPU.ActiveCfg = Release|Any CPU
		{FB91306A-B186-4EDB-A6A5-E8402A7AAF5B}.Release|Any CPU.Build.0 = Release|Any CPU
		{E4FBBD6B-2509-407B-B827-F750F9D20CB6}.Debug|Any CPU.ActiveCfg = Debug|Any CPU
		{E4FBBD6B-2509-407B-B827-F750F9D20CB6}.Debug|Any CPU.Build.0 = Debug|Any CPU
		{E4FBBD6B-2509-407B-B827-F750F9D20CB6}.Release|Any CPU.ActiveCfg = Release|Any CPU
		{E4FBBD6B-2509-407B-B827-F750F9D20CB6}.Release|Any CPU.Build.0 = Release|Any CPU
		{B4C13963-E8EC-4B84-87D6-1EF694B3D24A}.Debug|Any CPU.ActiveCfg = Debug|Any CPU
		{B4C13963-E8EC-4B84-87D6-1EF694B3D24A}.Debug|Any CPU.Build.0 = Debug|Any CPU
		{B4C13963-E8EC-4B84-87D6-1EF694B3D24A}.Release|Any CPU.ActiveCfg = Release|Any CPU
		{B4C13963-E8EC-4B84-87D6-1EF694B3D24A}.Release|Any CPU.Build.0 = Release|Any CPU
		{E8B0D136-D22F-4550-A136-BB577FCBEC8F}.Debug|Any CPU.ActiveCfg = Debug|Any CPU
		{E8B0D136-D22F-4550-A136-BB577FCBEC8F}.Debug|Any CPU.Build.0 = Debug|Any CPU
		{E8B0D136-D22F-4550-A136-BB577FCBEC8F}.Release|Any CPU.ActiveCfg = Release|Any CPU
		{E8B0D136-D22F-4550-A136-BB577FCBEC8F}.Release|Any CPU.Build.0 = Release|Any CPU
		{A7607F62-2517-4779-84D4-3D378809A97E}.Debug|Any CPU.ActiveCfg = Debug|Any CPU
		{A7607F62-2517-4779-84D4-3D378809A97E}.Debug|Any CPU.Build.0 = Debug|Any CPU
		{A7607F62-2517-4779-84D4-3D378809A97E}.Release|Any CPU.ActiveCfg = Release|Any CPU
		{A7607F62-2517-4779-84D4-3D378809A97E}.Release|Any CPU.Build.0 = Release|Any CPU
	EndGlobalSection
	GlobalSection(SolutionProperties) = preSolution
		HideSolutionNode = FALSE
	EndGlobalSection
	GlobalSection(NestedProjects) = preSolution
		{0390253D-18DF-41A2-BE80-108F3E22CC14} = {0E589B36-99C3-4596-971C-23960866C34F}
		{D2CA7408-DE2C-43AF-81C4-7E488DAB3E97} = {0E589B36-99C3-4596-971C-23960866C34F}
		{EFF30B23-EC79-4AA0-8C00-15811427969A} = {0E589B36-99C3-4596-971C-23960866C34F}
		{E53E9EDD-4596-4937-B1EB-2F49BA2A826B} = {0E589B36-99C3-4596-971C-23960866C34F}
		{CA56CEC0-71FA-4F63-9E76-8A06C064B2C8} = {0E589B36-99C3-4596-971C-23960866C34F}
		{6FEAA2B0-10F5-46CE-8CC7-2F2C9C9E0F6E} = {0E589B36-99C3-4596-971C-23960866C34F}
		{2A571124-274E-495D-A006-4752B26BB63F} = {0E589B36-99C3-4596-971C-23960866C34F}
		{0015F5FA-6115-4A1A-AE49-C9AABE6AC15E} = {0E589B36-99C3-4596-971C-23960866C34F}
		{B2551247-7E7B-41B6-9D72-B1EA9386CDEB} = {0E589B36-99C3-4596-971C-23960866C34F}
		{A4F34EFB-94B3-4827-9828-33C3328F96A8} = {5AD58AC4-CC38-4AB8-AE08-31D10E53ED8D}
		{DCFB2248-4DA8-4EFC-B57B-E44226889FBA} = {5AD58AC4-CC38-4AB8-AE08-31D10E53ED8D}
		{3E9A3282-5D27-4974-B4D8-EACDD0BB972E} = {5AD58AC4-CC38-4AB8-AE08-31D10E53ED8D}
		{23B9004E-6038-4127-8AD4-500EAAAF63C7} = {5AD58AC4-CC38-4AB8-AE08-31D10E53ED8D}
		{5A59E50B-7340-49BC-8398-6F82C86F99D9} = {5AD58AC4-CC38-4AB8-AE08-31D10E53ED8D}
		{B4A89BF3-2527-4FD5-A978-CB786D824CAE} = {B79EAD94-B945-4D9A-BBA4-B9D38CE6DBEC}
		{83C1B1C1-13DC-49D3-8E2E-441272B38622} = {B79EAD94-B945-4D9A-BBA4-B9D38CE6DBEC}
		{B2E60AD8-4139-4C69-AD6A-935B9673678E} = {B79EAD94-B945-4D9A-BBA4-B9D38CE6DBEC}
		{FAEE9DED-2A72-490C-9A51-9FAA0273958A} = {54910455-102C-4B65-96C4-5ECFB1E661DA}
		{8BDB0708-2233-40EE-A9CB-F899AF64C062} = {54910455-102C-4B65-96C4-5ECFB1E661DA}
		{C26194EF-DB3D-44D1-821F-99B6C7898AE7} = {54910455-102C-4B65-96C4-5ECFB1E661DA}
		{5A6EF116-A0CE-49C5-9368-9268712EB321} = {54910455-102C-4B65-96C4-5ECFB1E661DA}
		{8C9F0CF6-948E-45EF-AB3B-80BFE249E76B} = {BCD902FC-508A-40B0-AC45-B495C961EF48}
		{0D34A55E-CF97-40FA-B5E8-9EA9EEE2E01D} = {BCD902FC-508A-40B0-AC45-B495C961EF48}
		{B2467F90-0819-4750-B862-647439087EF4} = {BCD902FC-508A-40B0-AC45-B495C961EF48}
		{D64364AB-53AF-47A9-87E3-29778B94FEC3} = {BCD902FC-508A-40B0-AC45-B495C961EF48}
		{7DF41C97-D110-4223-BA11-E456287298D2} = {BCD902FC-508A-40B0-AC45-B495C961EF48}
		{1BA691BA-A2BC-4299-90DD-D385411FB0D7} = {71A05806-6C21-45F5-BE7A-28ABAAE64261}
		{5790559B-A762-469B-942E-FE1DCD438742} = {71A05806-6C21-45F5-BE7A-28ABAAE64261}
		{B72B0058-5D23-463B-A5C0-D8E40F664597} = {B79EAD94-B945-4D9A-BBA4-B9D38CE6DBEC}
		{105ABC87-92A4-42BA-8B34-5232D8A1FDC8} = {B79EAD94-B945-4D9A-BBA4-B9D38CE6DBEC}
		{81B1C34F-5428-4B0C-84EC-C025E26D0466} = {71A05806-6C21-45F5-BE7A-28ABAAE64261}
		{E0B72A96-88CD-4073-80D7-9816ABE4FB08} = {8A584060-E3E3-4A20-9D8C-04D77D269653}
		{FB91306A-B186-4EDB-A6A5-E8402A7AAF5B} = {617F07BD-1D84-46FC-A3F8-2C2EE1971430}
		{E4FBBD6B-2509-407B-B827-F750F9D20CB6} = {5AD58AC4-CC38-4AB8-AE08-31D10E53ED8D}
		{B4C13963-E8EC-4B84-87D6-1EF694B3D24A} = {5AD58AC4-CC38-4AB8-AE08-31D10E53ED8D}
		{E8B0D136-D22F-4550-A136-BB577FCBEC8F} = {B79EAD94-B945-4D9A-BBA4-B9D38CE6DBEC}
		{A7607F62-2517-4779-84D4-3D378809A97E} = {B79EAD94-B945-4D9A-BBA4-B9D38CE6DBEC}
	EndGlobalSection
	GlobalSection(ExtensibilityGlobals) = postSolution
		SolutionGuid = {D5E2CE1D-8BAD-4127-80EF-2865654BF081}
	EndGlobalSection
EndGlobal
